// !$*UTF8*$!
{
	archiveVersion = 1;
	classes = {
	};
	objectVersion = 46;
	objects = {

/* Begin PBXBuildFile section */
		64AAF9FA151383220061DD49 /* Screen-Down.png in Resources */ = {isa = PBXBuildFile; fileRef = 64AAF9F8151383220061DD49 /* Screen-Down.png */; };
		64AAF9FB151383220061DD49 /* Screen-Down@2x.png in Resources */ = {isa = PBXBuildFile; fileRef = 64AAF9F9151383220061DD49 /* Screen-Down@2x.png */; };
		64AAF9FE151388860061DD49 /* Default-Landscape.png in Resources */ = {isa = PBXBuildFile; fileRef = 64AAF9FD151388860061DD49 /* Default-Landscape.png */; };
		64AAFA00151389820061DD49 /* AboutBox.xib in Resources */ = {isa = PBXBuildFile; fileRef = 64AAF9FF151389820061DD49 /* AboutBox.xib */; };
		64AAFA06151391210061DD49 /* RPViewController.m in Sources */ = {isa = PBXBuildFile; fileRef = 64AAFA05151391200061DD49 /* RPViewController.m */; };
		64AAFA09151393260061DD49 /* RPAboutBox.m in Sources */ = {isa = PBXBuildFile; fileRef = 64AAFA08151393260061DD49 /* RPAboutBox.m */; };
		64F802311512272E0080D442 /* UIKit.framework in Frameworks */ = {isa = PBXBuildFile; fileRef = 64F802301512272E0080D442 /* UIKit.framework */; };
		64F802331512272E0080D442 /* Foundation.framework in Frameworks */ = {isa = PBXBuildFile; fileRef = 64F802321512272E0080D442 /* Foundation.framework */; };
		64F802351512272E0080D442 /* CoreGraphics.framework in Frameworks */ = {isa = PBXBuildFile; fileRef = 64F802341512272E0080D442 /* CoreGraphics.framework */; };
		64F8023B1512272E0080D442 /* InfoPlist.strings in Resources */ = {isa = PBXBuildFile; fileRef = 64F802391512272E0080D442 /* InfoPlist.strings */; };
		64F8023D1512272E0080D442 /* main.m in Sources */ = {isa = PBXBuildFile; fileRef = 64F8023C1512272E0080D442 /* main.m */; };
		64F802411512272E0080D442 /* RPAppDelegate.m in Sources */ = {isa = PBXBuildFile; fileRef = 64F802401512272E0080D442 /* RPAppDelegate.m */; };
		64F802471512272E0080D442 /* RPViewController.xib in Resources */ = {isa = PBXBuildFile; fileRef = 64F802451512272E0080D442 /* RPViewController.xib */; };
		64F80253151228950080D442 /* button-play.png in Resources */ = {isa = PBXBuildFile; fileRef = 64F8024E151228950080D442 /* button-play.png */; };
		64F80254151228950080D442 /* button-play@2x.png in Resources */ = {isa = PBXBuildFile; fileRef = 64F8024F151228950080D442 /* button-play@2x.png */; };
		64F80255151228950080D442 /* button-stop.png in Resources */ = {isa = PBXBuildFile; fileRef = 64F80250151228950080D442 /* button-stop.png */; };
		64F80256151228950080D442 /* button-stop@2x.png in Resources */ = {isa = PBXBuildFile; fileRef = 64F80251151228950080D442 /* button-stop@2x.png */; };
		64F80257151228950080D442 /* logo_2011_rphd.png in Resources */ = {isa = PBXBuildFile; fileRef = 64F80252151228950080D442 /* logo_2011_rphd.png */; };
		64F8025F1512338D0080D442 /* Icon.png in Resources */ = {isa = PBXBuildFile; fileRef = 64F8025E1512338D0080D442 /* Icon.png */; };
		64F80267151234710080D442 /* AudioStreamer.m in Sources */ = {isa = PBXBuildFile; fileRef = 64F80266151234710080D442 /* AudioStreamer.m */; settings = {COMPILER_FLAGS = "-fno-objc-arc"; }; };
		64F8026C1512386A0080D442 /* AudioToolbox.framework in Frameworks */ = {isa = PBXBuildFile; fileRef = 64F802691512386A0080D442 /* AudioToolbox.framework */; };
		64F8026E1512386A0080D442 /* MediaPlayer.framework in Frameworks */ = {isa = PBXBuildFile; fileRef = 64F8026B1512386A0080D442 /* MediaPlayer.framework */; };
		64F80270151239120080D442 /* CFNetwork.framework in Frameworks */ = {isa = PBXBuildFile; fileRef = 64F8026F151239120080D442 /* CFNetwork.framework */; };
/* End PBXBuildFile section */

/* Begin PBXFileReference section */
		64AAF9F8151383220061DD49 /* Screen-Down.png */ = {isa = PBXFileReference; lastKnownFileType = image.png; name = "Screen-Down.png"; path = "Images/Screen-Down.png"; sourceTree = "<group>"; };
		64AAF9F9151383220061DD49 /* Screen-Down@2x.png */ = {isa = PBXFileReference; lastKnownFileType = image.png; name = "Screen-Down@2x.png"; path = "Images/Screen-Down@2x.png"; sourceTree = "<group>"; };
		64AAF9FD151388860061DD49 /* Default-Landscape.png */ = {isa = PBXFileReference; lastKnownFileType = image.png; name = "Default-Landscape.png"; path = "Images/Default-Landscape.png"; sourceTree = "<group>"; };
		64AAF9FF151389820061DD49 /* AboutBox.xib */ = {isa = PBXFileReference; fileEncoding = 4; lastKnownFileType = file.xib; path = AboutBox.xib; sourceTree = "<group>"; };
		64AAFA04151391200061DD49 /* RPViewController.h */ = {isa = PBXFileReference; fileEncoding = 4; lastKnownFileType = sourcecode.c.h; path = RPViewController.h; sourceTree = "<group>"; };
		64AAFA05151391200061DD49 /* RPViewController.m */ = {isa = PBXFileReference; fileEncoding = 4; lastKnownFileType = sourcecode.c.objc; path = RPViewController.m; sourceTree = "<group>"; };
		64AAFA07151393260061DD49 /* RPAboutBox.h */ = {isa = PBXFileReference; fileEncoding = 4; lastKnownFileType = sourcecode.c.h; path = RPAboutBox.h; sourceTree = "<group>"; };
		64AAFA08151393260061DD49 /* RPAboutBox.m */ = {isa = PBXFileReference; fileEncoding = 4; lastKnownFileType = sourcecode.c.objc; path = RPAboutBox.m; sourceTree = "<group>"; };
		64F8022C1512272E0080D442 /* RP HD.app */ = {isa = PBXFileReference; explicitFileType = wrapper.application; includeInIndex = 0; path = "RP HD.app"; sourceTree = BUILT_PRODUCTS_DIR; };
		64F802301512272E0080D442 /* UIKit.framework */ = {isa = PBXFileReference; lastKnownFileType = wrapper.framework; name = UIKit.framework; path = System/Library/Frameworks/UIKit.framework; sourceTree = SDKROOT; };
		64F802321512272E0080D442 /* Foundation.framework */ = {isa = PBXFileReference; lastKnownFileType = wrapper.framework; name = Foundation.framework; path = System/Library/Frameworks/Foundation.framework; sourceTree = SDKROOT; };
		64F802341512272E0080D442 /* CoreGraphics.framework */ = {isa = PBXFileReference; lastKnownFileType = wrapper.framework; name = CoreGraphics.framework; path = System/Library/Frameworks/CoreGraphics.framework; sourceTree = SDKROOT; };
		64F802381512272E0080D442 /* RP HD-Info.plist */ = {isa = PBXFileReference; lastKnownFileType = text.plist.xml; path = "RP HD-Info.plist"; sourceTree = "<group>"; };
		64F8023A1512272E0080D442 /* en */ = {isa = PBXFileReference; lastKnownFileType = text.plist.strings; name = en; path = en.lproj/InfoPlist.strings; sourceTree = "<group>"; };
		64F8023C1512272E0080D442 /* main.m */ = {isa = PBXFileReference; lastKnownFileType = sourcecode.c.objc; path = main.m; sourceTree = "<group>"; };
		64F8023E1512272E0080D442 /* RP HD-Prefix.pch */ = {isa = PBXFileReference; lastKnownFileType = sourcecode.c.h; path = "RP HD-Prefix.pch"; sourceTree = "<group>"; };
		64F8023F1512272E0080D442 /* RPAppDelegate.h */ = {isa = PBXFileReference; lastKnownFileType = sourcecode.c.h; path = RPAppDelegate.h; sourceTree = "<group>"; };
		64F802401512272E0080D442 /* RPAppDelegate.m */ = {isa = PBXFileReference; lastKnownFileType = sourcecode.c.objc; path = RPAppDelegate.m; sourceTree = "<group>"; };
		64F802461512272E0080D442 /* en */ = {isa = PBXFileReference; lastKnownFileType = file.xib; name = en; path = en.lproj/RPViewController.xib; sourceTree = "<group>"; };
		64F8024E151228950080D442 /* button-play.png */ = {isa = PBXFileReference; lastKnownFileType = image.png; name = "button-play.png"; path = "Images/button-play.png"; sourceTree = "<group>"; };
		64F8024F151228950080D442 /* button-play@2x.png */ = {isa = PBXFileReference; lastKnownFileType = image.png; name = "button-play@2x.png"; path = "Images/button-play@2x.png"; sourceTree = "<group>"; };
		64F80250151228950080D442 /* button-stop.png */ = {isa = PBXFileReference; lastKnownFileType = image.png; name = "button-stop.png"; path = "Images/button-stop.png"; sourceTree = "<group>"; };
		64F80251151228950080D442 /* button-stop@2x.png */ = {isa = PBXFileReference; lastKnownFileType = image.png; name = "button-stop@2x.png"; path = "Images/button-stop@2x.png"; sourceTree = "<group>"; };
		64F80252151228950080D442 /* logo_2011_rphd.png */ = {isa = PBXFileReference; lastKnownFileType = image.png; name = logo_2011_rphd.png; path = Images/logo_2011_rphd.png; sourceTree = "<group>"; };
		64F8025E1512338D0080D442 /* Icon.png */ = {isa = PBXFileReference; lastKnownFileType = image.png; name = Icon.png; path = ../Icon.png; sourceTree = "<group>"; };
		64F80265151234710080D442 /* AudioStreamer.h */ = {isa = PBXFileReference; fileEncoding = 4; lastKnownFileType = sourcecode.c.h; path = AudioStreamer.h; sourceTree = "<group>"; };
		64F80266151234710080D442 /* AudioStreamer.m */ = {isa = PBXFileReference; fileEncoding = 4; lastKnownFileType = sourcecode.c.objc; path = AudioStreamer.m; sourceTree = "<group>"; };
		64F802691512386A0080D442 /* AudioToolbox.framework */ = {isa = PBXFileReference; lastKnownFileType = wrapper.framework; name = AudioToolbox.framework; path = System/Library/Frameworks/AudioToolbox.framework; sourceTree = SDKROOT; };
		64F8026B1512386A0080D442 /* MediaPlayer.framework */ = {isa = PBXFileReference; lastKnownFileType = wrapper.framework; name = MediaPlayer.framework; path = System/Library/Frameworks/MediaPlayer.framework; sourceTree = SDKROOT; };
		64F8026F151239120080D442 /* CFNetwork.framework */ = {isa = PBXFileReference; lastKnownFileType = wrapper.framework; name = CFNetwork.framework; path = System/Library/Frameworks/CFNetwork.framework; sourceTree = SDKROOT; };
/* End PBXFileReference section */

/* Begin PBXFrameworksBuildPhase section */
		64F802291512272E0080D442 /* Frameworks */ = {
			isa = PBXFrameworksBuildPhase;
			buildActionMask = 2147483647;
			files = (
				64F80270151239120080D442 /* CFNetwork.framework in Frameworks */,
				64F8026C1512386A0080D442 /* AudioToolbox.framework in Frameworks */,
				64F8026E1512386A0080D442 /* MediaPlayer.framework in Frameworks */,
				64F802311512272E0080D442 /* UIKit.framework in Frameworks */,
				64F802331512272E0080D442 /* Foundation.framework in Frameworks */,
				64F802351512272E0080D442 /* CoreGraphics.framework in Frameworks */,
			);
			runOnlyForDeploymentPostprocessing = 0;
		};
/* End PBXFrameworksBuildPhase section */

/* Begin PBXGroup section */
		64F802211512272D0080D442 = {
			isa = PBXGroup;
			children = (
				64F802361512272E0080D442 /* RP HD */,
				64F8022F1512272E0080D442 /* Frameworks */,
				64F8022D1512272E0080D442 /* Products */,
			);
			sourceTree = "<group>";
		};
		64F8022D1512272E0080D442 /* Products */ = {
			isa = PBXGroup;
			children = (
				64F8022C1512272E0080D442 /* RP HD.app */,
			);
			name = Products;
			sourceTree = "<group>";
		};
		64F8022F1512272E0080D442 /* Frameworks */ = {
			isa = PBXGroup;
			children = (
				64F8026F151239120080D442 /* CFNetwork.framework */,
				64F802691512386A0080D442 /* AudioToolbox.framework */,
				64F8026B1512386A0080D442 /* MediaPlayer.framework */,
				64F802301512272E0080D442 /* UIKit.framework */,
				64F802321512272E0080D442 /* Foundation.framework */,
				64F802341512272E0080D442 /* CoreGraphics.framework */,
			);
			name = Frameworks;
			sourceTree = "<group>";
		};
		64F802361512272E0080D442 /* RP HD */ = {
			isa = PBXGroup;
			children = (
				64F80264151234710080D442 /* audiostream */,
				64F8024D151228870080D442 /* Images */,
				64F8023F1512272E0080D442 /* RPAppDelegate.h */,
				64F802401512272E0080D442 /* RPAppDelegate.m */,
				64AAFA04151391200061DD49 /* RPViewController.h */,
				64AAFA05151391200061DD49 /* RPViewController.m */,
				64F802451512272E0080D442 /* RPViewController.xib */,
				64AAFA07151393260061DD49 /* RPAboutBox.h */,
				64AAFA08151393260061DD49 /* RPAboutBox.m */,
				64AAF9FF151389820061DD49 /* AboutBox.xib */,
				64F802371512272E0080D442 /* Supporting Files */,
			);
			path = "RP HD";
			sourceTree = "<group>";
		};
		64F802371512272E0080D442 /* Supporting Files */ = {
			isa = PBXGroup;
			children = (
				64F802381512272E0080D442 /* RP HD-Info.plist */,
				64F802391512272E0080D442 /* InfoPlist.strings */,
				64F8023C1512272E0080D442 /* main.m */,
				64F8023E1512272E0080D442 /* RP HD-Prefix.pch */,
			);
			name = "Supporting Files";
			sourceTree = "<group>";
		};
		64F8024D151228870080D442 /* Images */ = {
			isa = PBXGroup;
			children = (
				64AAF9FD151388860061DD49 /* Default-Landscape.png */,
				64AAF9F8151383220061DD49 /* Screen-Down.png */,
				64AAF9F9151383220061DD49 /* Screen-Down@2x.png */,
				64F8025E1512338D0080D442 /* Icon.png */,
				64F8024E151228950080D442 /* button-play.png */,
				64F8024F151228950080D442 /* button-play@2x.png */,
				64F80250151228950080D442 /* button-stop.png */,
				64F80251151228950080D442 /* button-stop@2x.png */,
				64F80252151228950080D442 /* logo_2011_rphd.png */,
			);
			name = Images;
			sourceTree = "<group>";
		};
		64F80264151234710080D442 /* audiostream */ = {
			isa = PBXGroup;
			children = (
				64F80265151234710080D442 /* AudioStreamer.h */,
				64F80266151234710080D442 /* AudioStreamer.m */,
			);
			path = audiostream;
			sourceTree = "<group>";
		};
/* End PBXGroup section */

/* Begin PBXNativeTarget section */
		64F8022B1512272E0080D442 /* RP HD */ = {
			isa = PBXNativeTarget;
			buildConfigurationList = 64F8024A1512272E0080D442 /* Build configuration list for PBXNativeTarget "RP HD" */;
			buildPhases = (
				64F802281512272E0080D442 /* Sources */,
				64F802291512272E0080D442 /* Frameworks */,
				64F8022A1512272E0080D442 /* Resources */,
			);
			buildRules = (
			);
			dependencies = (
			);
			name = "RP HD";
			productName = "RP HD";
			productReference = 64F8022C1512272E0080D442 /* RP HD.app */;
			productType = "com.apple.product-type.application";
		};
/* End PBXNativeTarget section */

/* Begin PBXProject section */
		64F802231512272D0080D442 /* Project object */ = {
			isa = PBXProject;
			attributes = {
				CLASSPREFIX = RP;
				LastUpgradeCheck = 0430;
			};
			buildConfigurationList = 64F802261512272D0080D442 /* Build configuration list for PBXProject "RP HD" */;
			compatibilityVersion = "Xcode 3.2";
			developmentRegion = English;
			hasScannedForEncodings = 0;
			knownRegions = (
				en,
			);
			mainGroup = 64F802211512272D0080D442;
			productRefGroup = 64F8022D1512272E0080D442 /* Products */;
			projectDirPath = "";
			projectRoot = "";
			targets = (
				64F8022B1512272E0080D442 /* RP HD */,
			);
		};
/* End PBXProject section */

/* Begin PBXResourcesBuildPhase section */
		64F8022A1512272E0080D442 /* Resources */ = {
			isa = PBXResourcesBuildPhase;
			buildActionMask = 2147483647;
			files = (
				64F8023B1512272E0080D442 /* InfoPlist.strings in Resources */,
				64F802471512272E0080D442 /* RPViewController.xib in Resources */,
				64F80253151228950080D442 /* button-play.png in Resources */,
				64F80254151228950080D442 /* button-play@2x.png in Resources */,
				64F80255151228950080D442 /* button-stop.png in Resources */,
				64F80256151228950080D442 /* button-stop@2x.png in Resources */,
				64F80257151228950080D442 /* logo_2011_rphd.png in Resources */,
				64F8025F1512338D0080D442 /* Icon.png in Resources */,
				64AAF9FA151383220061DD49 /* Screen-Down.png in Resources */,
				64AAF9FB151383220061DD49 /* Screen-Down@2x.png in Resources */,
				64AAF9FE151388860061DD49 /* Default-Landscape.png in Resources */,
				64AAFA00151389820061DD49 /* AboutBox.xib in Resources */,
			);
			runOnlyForDeploymentPostprocessing = 0;
		};
/* End PBXResourcesBuildPhase section */

/* Begin PBXSourcesBuildPhase section */
		64F802281512272E0080D442 /* Sources */ = {
			isa = PBXSourcesBuildPhase;
			buildActionMask = 2147483647;
			files = (
				64F8023D1512272E0080D442 /* main.m in Sources */,
				64F802411512272E0080D442 /* RPAppDelegate.m in Sources */,
				64F80267151234710080D442 /* AudioStreamer.m in Sources */,
				64AAFA06151391210061DD49 /* RPViewController.m in Sources */,
				64AAFA09151393260061DD49 /* RPAboutBox.m in Sources */,
			);
			runOnlyForDeploymentPostprocessing = 0;
		};
/* End PBXSourcesBuildPhase section */

/* Begin PBXVariantGroup section */
		64F802391512272E0080D442 /* InfoPlist.strings */ = {
			isa = PBXVariantGroup;
			children = (
				64F8023A1512272E0080D442 /* en */,
			);
			name = InfoPlist.strings;
			sourceTree = "<group>";
		};
		64F802451512272E0080D442 /* RPViewController.xib */ = {
			isa = PBXVariantGroup;
			children = (
				64F802461512272E0080D442 /* en */,
			);
			name = RPViewController.xib;
			sourceTree = "<group>";
		};
/* End PBXVariantGroup section */

/* Begin XCBuildConfiguration section */
		64F802481512272E0080D442 /* Debug */ = {
			isa = XCBuildConfiguration;
			buildSettings = {
				ALWAYS_SEARCH_USER_PATHS = NO;
				ARCHS = "$(ARCHS_STANDARD_32_BIT)";
				CLANG_ENABLE_OBJC_ARC = YES;
				"CODE_SIGN_IDENTITY[sdk=iphoneos*]" = "iPhone Developer";
				COPY_PHASE_STRIP = NO;
				GCC_C_LANGUAGE_STANDARD = gnu99;
				GCC_DYNAMIC_NO_PIC = NO;
				GCC_OPTIMIZATION_LEVEL = 0;
				GCC_PREPROCESSOR_DEFINITIONS = (
					"DEBUG=1",
					"$(inherited)",
				);
				GCC_SYMBOLS_PRIVATE_EXTERN = NO;
				GCC_VERSION = com.apple.compilers.llvm.clang.1_0;
				GCC_WARN_ABOUT_RETURN_TYPE = YES;
				GCC_WARN_UNINITIALIZED_AUTOS = YES;
				GCC_WARN_UNUSED_VARIABLE = YES;
				IPHONEOS_DEPLOYMENT_TARGET = 5.1;
				SDKROOT = iphoneos;
				TARGETED_DEVICE_FAMILY = 2;
			};
			name = Debug;
		};
		64F802491512272E0080D442 /* Release */ = {
			isa = XCBuildConfiguration;
			buildSettings = {
				ALWAYS_SEARCH_USER_PATHS = NO;
				ARCHS = "$(ARCHS_STANDARD_32_BIT)";
				CLANG_ENABLE_OBJC_ARC = YES;
				"CODE_SIGN_IDENTITY[sdk=iphoneos*]" = "iPhone Developer";
				COPY_PHASE_STRIP = YES;
				GCC_C_LANGUAGE_STANDARD = gnu99;
				GCC_VERSION = com.apple.compilers.llvm.clang.1_0;
				GCC_WARN_ABOUT_RETURN_TYPE = YES;
				GCC_WARN_UNINITIALIZED_AUTOS = YES;
				GCC_WARN_UNUSED_VARIABLE = YES;
				IPHONEOS_DEPLOYMENT_TARGET = 5.1;
				OTHER_CFLAGS = "-DNS_BLOCK_ASSERTIONS=1";
				SDKROOT = iphoneos;
				TARGETED_DEVICE_FAMILY = 2;
				VALIDATE_PRODUCT = YES;
			};
			name = Release;
		};
		64F8024B1512272E0080D442 /* Debug */ = {
			isa = XCBuildConfiguration;
			buildSettings = {
				GCC_PRECOMPILE_PREFIX_HEADER = YES;
				GCC_PREFIX_HEADER = "RP HD/RP HD-Prefix.pch";
				INFOPLIST_FILE = "RP HD/RP HD-Info.plist";
				PRODUCT_NAME = "$(TARGET_NAME)";
				WRAPPER_EXTENSION = app;
			};
			name = Debug;
		};
		64F8024C1512272E0080D442 /* Release */ = {
			isa = XCBuildConfiguration;
			buildSettings = {
				GCC_PRECOMPILE_PREFIX_HEADER = YES;
				GCC_PREFIX_HEADER = "RP HD/RP HD-Prefix.pch";
				INFOPLIST_FILE = "RP HD/RP HD-Info.plist";
				PRODUCT_NAME = "$(TARGET_NAME)";
				WRAPPER_EXTENSION = app;
			};
			name = Release;
		};
/* End XCBuildConfiguration section */

/* Begin XCConfigurationList section */
		64F802261512272D0080D442 /* Build configuration list for PBXProject "RP HD" */ = {
			isa = XCConfigurationList;
			buildConfigurations = (
				64F802481512272E0080D442 /* Debug */,
				64F802491512272E0080D442 /* Release */,
			);
			defaultConfigurationIsVisible = 0;
			defaultConfigurationName = Release;
		};
		64F8024A1512272E0080D442 /* Build configuration list for PBXNativeTarget "RP HD" */ = {
			isa = XCConfigurationList;
			buildConfigurations = (
				64F8024B1512272E0080D442 /* Debug */,
				64F8024C1512272E0080D442 /* Release */,
			);
			defaultConfigurationIsVisible = 0;
			defaultConfigurationName = Release;
		};
/* End XCConfigurationList section */
	};
	rootObject = 64F802231512272D0080D442 /* Project object */;
}
