// !$*UTF8*$!
{
	archiveVersion = 1;
	classes = {
	};
	objectVersion = 46;
	objects = {

/* Begin PBXBuildFile section */
		64047A571548B65B00DF6B8F /* Default.png in Resources */ = {isa = PBXBuildFile; fileRef = 64047A551548B65B00DF6B8F /* Default.png */; };
		64047A581548B65B00DF6B8F /* Default@2x.png in Resources */ = {isa = PBXBuildFile; fileRef = 64047A561548B65B00DF6B8F /* Default@2x.png */; };
		6407D27515F8EB3800E80E24 /* MessageUI.framework in Frameworks */ = {isa = PBXBuildFile; fileRef = 6407D27415F8EB3800E80E24 /* MessageUI.framework */; };
		6407D27815F8F2B700E80E24 /* Twitter.framework in Frameworks */ = {isa = PBXBuildFile; fileRef = 6407D27715F8F2B700E80E24 /* Twitter.framework */; };
		640C3F871601D20300631AAD /* Default-568h@2x.png in Resources */ = {isa = PBXBuildFile; fileRef = 640C3F861601D20300631AAD /* Default-568h@2x.png */; };
		640C3F9116020CF600631AAD /* LocalyticsDatabase.m in Sources */ = {isa = PBXBuildFile; fileRef = 640C3F8B16020CF600631AAD /* LocalyticsDatabase.m */; settings = {COMPILER_FLAGS = "-fno-objc-arc"; }; };
		640C3F9216020CF600631AAD /* LocalyticsSession.m in Sources */ = {isa = PBXBuildFile; fileRef = 640C3F8D16020CF600631AAD /* LocalyticsSession.m */; settings = {COMPILER_FLAGS = "-fno-objc-arc"; }; };
		640C3F9316020CF600631AAD /* LocalyticsUploader.m in Sources */ = {isa = PBXBuildFile; fileRef = 640C3F8F16020CF600631AAD /* LocalyticsUploader.m */; settings = {COMPILER_FLAGS = "-fno-objc-arc"; }; };
		640C3F95160213E300631AAD /* libsqlite3.dylib in Frameworks */ = {isa = PBXBuildFile; fileRef = 640C3F94160213E300631AAD /* libsqlite3.dylib */; };
		640C3F971602140E00631AAD /* libz.dylib in Frameworks */ = {isa = PBXBuildFile; fileRef = 640C3F961602140D00631AAD /* libz.dylib */; };
		641709621515521C00F53185 /* RPTVViewController.m in Sources */ = {isa = PBXBuildFile; fileRef = 641709601515521C00F53185 /* RPTVViewController.m */; };
		641709631515521C00F53185 /* RPTVViewController.xib in Resources */ = {isa = PBXBuildFile; fileRef = 641709611515521C00F53185 /* RPTVViewController.xib */; };
		64208F6B15F6AA3900205CB9 /* button-addsong.png in Resources */ = {isa = PBXBuildFile; fileRef = 64208F6715F6AA3900205CB9 /* button-addsong.png */; };
		64208F6C15F6AA3900205CB9 /* button-addsong@2x.png in Resources */ = {isa = PBXBuildFile; fileRef = 64208F6815F6AA3900205CB9 /* button-addsong@2x.png */; };
		64208F6D15F6AA3900205CB9 /* button-songlist.png in Resources */ = {isa = PBXBuildFile; fileRef = 64208F6915F6AA3900205CB9 /* button-songlist.png */; };
		64208F6E15F6AA3900205CB9 /* button-songlist@2x.png in Resources */ = {isa = PBXBuildFile; fileRef = 64208F6A15F6AA3900205CB9 /* button-songlist@2x.png */; };
		64468A05152FA20E00BCDEBF /* Icon-Small-50.png in Resources */ = {isa = PBXBuildFile; fileRef = 64468A00152FA20E00BCDEBF /* Icon-Small-50.png */; };
		64468A06152FA20E00BCDEBF /* Icon-Small-50@2x.png in Resources */ = {isa = PBXBuildFile; fileRef = 64468A01152FA20E00BCDEBF /* Icon-Small-50@2x.png */; };
		64468A07152FA20E00BCDEBF /* Icon-Small.png in Resources */ = {isa = PBXBuildFile; fileRef = 64468A02152FA20E00BCDEBF /* Icon-Small.png */; };
		64468A08152FA20E00BCDEBF /* Icon-Small@2x.png in Resources */ = {isa = PBXBuildFile; fileRef = 64468A03152FA20E00BCDEBF /* Icon-Small@2x.png */; };
		64468A0B152FA35600BCDEBF /* Default-Landscape@2x.png in Resources */ = {isa = PBXBuildFile; fileRef = 64468A0A152FA35600BCDEBF /* Default-Landscape@2x.png */; };
		6447824115318E5A000ACC0B /* logo_2011_rphd@2x.png in Resources */ = {isa = PBXBuildFile; fileRef = 6447824015318E5A000ACC0B /* logo_2011_rphd@2x.png */; };
		64563B5815F65EF300664C74 /* SongAdder.m in Sources */ = {isa = PBXBuildFile; fileRef = 64563B5715F65EF300664C74 /* SongAdder.m */; };
		6456AE8315B8C94D0060EC8E /* button-left.png in Resources */ = {isa = PBXBuildFile; fileRef = 6456AE8115B8C94D0060EC8E /* button-left.png */; };
		6456AE8415B8C94D0060EC8E /* button-left@2x.png in Resources */ = {isa = PBXBuildFile; fileRef = 6456AE8215B8C94D0060EC8E /* button-left@2x.png */; };
		64606A9F15B85E5C00CA0FC6 /* button-psd-active.png in Resources */ = {isa = PBXBuildFile; fileRef = 64606A9D15B85E5C00CA0FC6 /* button-psd-active.png */; };
		64606AA015B85E5C00CA0FC6 /* button-psd-active@2x.png in Resources */ = {isa = PBXBuildFile; fileRef = 64606A9E15B85E5C00CA0FC6 /* button-psd-active@2x.png */; };
		646ACA7515B46901001B5B73 /* STKeychain.m in Sources */ = {isa = PBXBuildFile; fileRef = 646ACA7415B46901001B5B73 /* STKeychain.m */; settings = {COMPILER_FLAGS = "-fno-objc-arc"; }; };
		646ACA7815B46A12001B5B73 /* Security.framework in Frameworks */ = {isa = PBXBuildFile; fileRef = 646ACA7715B46A12001B5B73 /* Security.framework */; };
		646ACA8815B46D6A001B5B73 /* RPLoginController.m in Sources */ = {isa = PBXBuildFile; fileRef = 646ACA8615B46D6A001B5B73 /* RPLoginController.m */; };
		646ACA8915B46D6A001B5B73 /* RPLoginController~ipad.xib in Resources */ = {isa = PBXBuildFile; fileRef = 646ACA8715B46D6A001B5B73 /* RPLoginController~ipad.xib */; };
		646ACA8B15B47699001B5B73 /* RPLoginController~iphone.xib in Resources */ = {isa = PBXBuildFile; fileRef = 646ACA8A15B47699001B5B73 /* RPLoginController~iphone.xib */; };
		646B5EAA154755D100A2544C /* Icon.png in Resources */ = {isa = PBXBuildFile; fileRef = 646B5EA9154755D100A2544C /* Icon.png */; };
		646B5EAC154755D600A2544C /* Icon@2x.png in Resources */ = {isa = PBXBuildFile; fileRef = 646B5EAB154755D600A2544C /* Icon@2x.png */; };
		64701A2415F6B31900282502 /* SongsViewController~ipad.xib in Resources */ = {isa = PBXBuildFile; fileRef = 64701A2315F6B31900282502 /* SongsViewController~ipad.xib */; };
		648C68C615C823600065043D /* CoreMedia.framework in Frameworks */ = {isa = PBXBuildFile; fileRef = 648C68C515C823600065043D /* CoreMedia.framework */; };
		64983AC715C8A7E300C626A9 /* Icon-72@2x.png in Resources */ = {isa = PBXBuildFile; fileRef = 64983AC615C8A7E300C626A9 /* Icon-72@2x.png */; };
		6499667C15B81AFF00C68479 /* AVFoundation.framework in Frameworks */ = {isa = PBXBuildFile; fileRef = 6499667B15B81AFF00C68479 /* AVFoundation.framework */; };
		64A0DCC815EF667D0088F8D3 /* rphd.xcdatamodeld in Sources */ = {isa = PBXBuildFile; fileRef = 64A0DCC615EF667D0088F8D3 /* rphd.xcdatamodeld */; };
		64A0DCDF15EF72560088F8D3 /* CoreData.framework in Frameworks */ = {isa = PBXBuildFile; fileRef = 64A0DCDE15EF72560088F8D3 /* CoreData.framework */; };
		64A0DCFF15F503810088F8D3 /* SongsViewController.m in Sources */ = {isa = PBXBuildFile; fileRef = 64A0DCFD15F503810088F8D3 /* SongsViewController.m */; };
		64A0DD0015F503810088F8D3 /* SongsViewController.xib in Resources */ = {isa = PBXBuildFile; fileRef = 64A0DCFE15F503810088F8D3 /* SongsViewController.xib */; };
		64AAF9FA151383220061DD49 /* Screen-Down.png in Resources */ = {isa = PBXBuildFile; fileRef = 64AAF9F8151383220061DD49 /* Screen-Down.png */; };
		64AAF9FB151383220061DD49 /* Screen-Down@2x.png in Resources */ = {isa = PBXBuildFile; fileRef = 64AAF9F9151383220061DD49 /* Screen-Down@2x.png */; };
		64AAF9FE151388860061DD49 /* Default-Landscape.png in Resources */ = {isa = PBXBuildFile; fileRef = 64AAF9FD151388860061DD49 /* Default-Landscape.png */; };
		64AAFA00151389820061DD49 /* AboutBox~ipad.xib in Resources */ = {isa = PBXBuildFile; fileRef = 64AAF9FF151389820061DD49 /* AboutBox~ipad.xib */; };
		64AAFA06151391210061DD49 /* RPViewController.m in Sources */ = {isa = PBXBuildFile; fileRef = 64AAFA05151391200061DD49 /* RPViewController.m */; };
		64AAFA09151393260061DD49 /* RPAboutBox.m in Sources */ = {isa = PBXBuildFile; fileRef = 64AAFA08151393260061DD49 /* RPAboutBox.m */; };
		64AAFA0D1513A7000061DD49 /* RPForumView.m in Sources */ = {isa = PBXBuildFile; fileRef = 64AAFA0B1513A6FF0061DD49 /* RPForumView.m */; };
		64AAFA0E1513A7000061DD49 /* RPForumView~ipad.xib in Resources */ = {isa = PBXBuildFile; fileRef = 64AAFA0C1513A6FF0061DD49 /* RPForumView~ipad.xib */; };
		64AAFA111513F41A0061DD49 /* RP-meta.png in Resources */ = {isa = PBXBuildFile; fileRef = 64AAFA0F1513F41A0061DD49 /* RP-meta.png */; };
		64AAFA121513F41A0061DD49 /* RP-meta@2x.png in Resources */ = {isa = PBXBuildFile; fileRef = 64AAFA101513F41A0061DD49 /* RP-meta@2x.png */; };
		64AAFA171513F8D30061DD49 /* back.png in Resources */ = {isa = PBXBuildFile; fileRef = 64AAFA131513F8D30061DD49 /* back.png */; };
		64AAFA181513F8D30061DD49 /* back@2x.png in Resources */ = {isa = PBXBuildFile; fileRef = 64AAFA141513F8D30061DD49 /* back@2x.png */; };
		64AAFA191513F8D30061DD49 /* forward.png in Resources */ = {isa = PBXBuildFile; fileRef = 64AAFA151513F8D30061DD49 /* forward.png */; };
		64AAFA1A1513F8D30061DD49 /* forward@2x.png in Resources */ = {isa = PBXBuildFile; fileRef = 64AAFA161513F8D30061DD49 /* forward@2x.png */; };
		64AD767D1548B9A7001910E9 /* Default-Portrait.png in Resources */ = {isa = PBXBuildFile; fileRef = 64AD767B1548B9A7001910E9 /* Default-Portrait.png */; };
		64AD767E1548B9A7001910E9 /* Default-Portrait@2x.png in Resources */ = {isa = PBXBuildFile; fileRef = 64AD767C1548B9A7001910E9 /* Default-Portrait@2x.png */; };
		64D4811F1547577800BC1085 /* RPViewController~iphone.xib in Resources */ = {isa = PBXBuildFile; fileRef = 64D481211547577800BC1085 /* RPViewController~iphone.xib */; };
		64D4812315475C5300BC1085 /* RPForumView~iphone.xib in Resources */ = {isa = PBXBuildFile; fileRef = 64D4812215475C5300BC1085 /* RPForumView~iphone.xib */; };
		64D481261547607D00BC1085 /* SmallLogo_rphd.png in Resources */ = {isa = PBXBuildFile; fileRef = 64D481241547607D00BC1085 /* SmallLogo_rphd.png */; };
		64D481271547607D00BC1085 /* SmallLogo_rphd@2x.png in Resources */ = {isa = PBXBuildFile; fileRef = 64D481251547607D00BC1085 /* SmallLogo_rphd@2x.png */; };
		64D48129154762E100BC1085 /* AboutBox~iphone.xib in Resources */ = {isa = PBXBuildFile; fileRef = 64D48128154762E100BC1085 /* AboutBox~iphone.xib */; };
		64D4812B1547678E00BC1085 /* Localizable.strings in Resources */ = {isa = PBXBuildFile; fileRef = 64D4812A1547678E00BC1085 /* Localizable.strings */; };
		64D48132154767F300BC1085 /* Appirater.m in Sources */ = {isa = PBXBuildFile; fileRef = 64D48131154767F300BC1085 /* Appirater.m */; };
		64D481341547681A00BC1085 /* SystemConfiguration.framework in Frameworks */ = {isa = PBXBuildFile; fileRef = 64D481331547681A00BC1085 /* SystemConfiguration.framework */; };
		64D60D9D15B6BADA0099A168 /* button-psd.png in Resources */ = {isa = PBXBuildFile; fileRef = 64D60D9B15B6BADA0099A168 /* button-psd.png */; };
		64D60D9E15B6BADA0099A168 /* button-psd@2x.png in Resources */ = {isa = PBXBuildFile; fileRef = 64D60D9C15B6BADA0099A168 /* button-psd@2x.png */; };
		64DFC65315F7469C00214188 /* Song.m in Sources */ = {isa = PBXBuildFile; fileRef = 64DFC65215F7469C00214188 /* Song.m */; };
		64DFC65C15F74F9800214188 /* UIImage+RoundedCorner.m in Sources */ = {isa = PBXBuildFile; fileRef = 64DFC65B15F74F9800214188 /* UIImage+RoundedCorner.m */; };
		64F5AF7415EE5EAE0018B38A /* CoreDataController.m in Sources */ = {isa = PBXBuildFile; fileRef = 64F5AF6F15EE5EAE0018B38A /* CoreDataController.m */; };
		64F5AF7515EE5EAE0018B38A /* NSString+UUID.m in Sources */ = {isa = PBXBuildFile; fileRef = 64F5AF7115EE5EAE0018B38A /* NSString+UUID.m */; };
		64F5AF7615EE5EAE0018B38A /* SDCloudUserDefaults.m in Sources */ = {isa = PBXBuildFile; fileRef = 64F5AF7315EE5EAE0018B38A /* SDCloudUserDefaults.m */; };
		64F802311512272E0080D442 /* UIKit.framework in Frameworks */ = {isa = PBXBuildFile; fileRef = 64F802301512272E0080D442 /* UIKit.framework */; };
		64F802331512272E0080D442 /* Foundation.framework in Frameworks */ = {isa = PBXBuildFile; fileRef = 64F802321512272E0080D442 /* Foundation.framework */; };
		64F802351512272E0080D442 /* CoreGraphics.framework in Frameworks */ = {isa = PBXBuildFile; fileRef = 64F802341512272E0080D442 /* CoreGraphics.framework */; };
		64F8023B1512272E0080D442 /* InfoPlist.strings in Resources */ = {isa = PBXBuildFile; fileRef = 64F802391512272E0080D442 /* InfoPlist.strings */; };
		64F8023D1512272E0080D442 /* main.m in Sources */ = {isa = PBXBuildFile; fileRef = 64F8023C1512272E0080D442 /* main.m */; };
		64F802411512272E0080D442 /* RPAppDelegate.m in Sources */ = {isa = PBXBuildFile; fileRef = 64F802401512272E0080D442 /* RPAppDelegate.m */; };
		64F802471512272E0080D442 /* RPViewController~ipad.xib in Resources */ = {isa = PBXBuildFile; fileRef = 64F802451512272E0080D442 /* RPViewController~ipad.xib */; };
		64F80253151228950080D442 /* button-play.png in Resources */ = {isa = PBXBuildFile; fileRef = 64F8024E151228950080D442 /* button-play.png */; };
		64F80254151228950080D442 /* button-play@2x.png in Resources */ = {isa = PBXBuildFile; fileRef = 64F8024F151228950080D442 /* button-play@2x.png */; };
		64F80255151228950080D442 /* button-stop.png in Resources */ = {isa = PBXBuildFile; fileRef = 64F80250151228950080D442 /* button-stop.png */; };
		64F80256151228950080D442 /* button-stop@2x.png in Resources */ = {isa = PBXBuildFile; fileRef = 64F80251151228950080D442 /* button-stop@2x.png */; };
		64F80257151228950080D442 /* logo_2011_rphd.png in Resources */ = {isa = PBXBuildFile; fileRef = 64F80252151228950080D442 /* logo_2011_rphd.png */; };
		64F8025F1512338D0080D442 /* Icon-72.png in Resources */ = {isa = PBXBuildFile; fileRef = 64F8025E1512338D0080D442 /* Icon-72.png */; };
		64F8026C1512386A0080D442 /* AudioToolbox.framework in Frameworks */ = {isa = PBXBuildFile; fileRef = 64F802691512386A0080D442 /* AudioToolbox.framework */; };
		64F8026E1512386A0080D442 /* MediaPlayer.framework in Frameworks */ = {isa = PBXBuildFile; fileRef = 64F8026B1512386A0080D442 /* MediaPlayer.framework */; };
		64F80270151239120080D442 /* CFNetwork.framework in Frameworks */ = {isa = PBXBuildFile; fileRef = 64F8026F151239120080D442 /* CFNetwork.framework */; };
/* End PBXBuildFile section */

/* Begin PBXFileReference section */
		64047A551548B65B00DF6B8F /* Default.png */ = {isa = PBXFileReference; lastKnownFileType = image.png; name = Default.png; path = Images/Default.png; sourceTree = "<group>"; };
		64047A561548B65B00DF6B8F /* Default@2x.png */ = {isa = PBXFileReference; lastKnownFileType = image.png; name = "Default@2x.png"; path = "Images/Default@2x.png"; sourceTree = "<group>"; };
		6407D27415F8EB3800E80E24 /* MessageUI.framework */ = {isa = PBXFileReference; lastKnownFileType = wrapper.framework; name = MessageUI.framework; path = System/Library/Frameworks/MessageUI.framework; sourceTree = SDKROOT; };
		6407D27715F8F2B700E80E24 /* Twitter.framework */ = {isa = PBXFileReference; lastKnownFileType = wrapper.framework; name = Twitter.framework; path = System/Library/Frameworks/Twitter.framework; sourceTree = SDKROOT; };
		640C3F861601D20300631AAD /* Default-568h@2x.png */ = {isa = PBXFileReference; lastKnownFileType = image.png; name = "Default-568h@2x.png"; path = "Images/Default-568h@2x.png"; sourceTree = "<group>"; };
		640C3F8A16020CF600631AAD /* LocalyticsDatabase.h */ = {isa = PBXFileReference; fileEncoding = 4; lastKnownFileType = sourcecode.c.h; path = LocalyticsDatabase.h; sourceTree = "<group>"; };
		640C3F8B16020CF600631AAD /* LocalyticsDatabase.m */ = {isa = PBXFileReference; fileEncoding = 4; lastKnownFileType = sourcecode.c.objc; path = LocalyticsDatabase.m; sourceTree = "<group>"; };
		640C3F8C16020CF600631AAD /* LocalyticsSession.h */ = {isa = PBXFileReference; fileEncoding = 4; lastKnownFileType = sourcecode.c.h; path = LocalyticsSession.h; sourceTree = "<group>"; };
		640C3F8D16020CF600631AAD /* LocalyticsSession.m */ = {isa = PBXFileReference; fileEncoding = 4; lastKnownFileType = sourcecode.c.objc; path = LocalyticsSession.m; sourceTree = "<group>"; };
		640C3F8E16020CF600631AAD /* LocalyticsUploader.h */ = {isa = PBXFileReference; fileEncoding = 4; lastKnownFileType = sourcecode.c.h; path = LocalyticsUploader.h; sourceTree = "<group>"; };
		640C3F8F16020CF600631AAD /* LocalyticsUploader.m */ = {isa = PBXFileReference; fileEncoding = 4; lastKnownFileType = sourcecode.c.objc; path = LocalyticsUploader.m; sourceTree = "<group>"; };
		640C3F9016020CF600631AAD /* WebserviceConstants.h */ = {isa = PBXFileReference; fileEncoding = 4; lastKnownFileType = sourcecode.c.h; path = WebserviceConstants.h; sourceTree = "<group>"; };
		640C3F94160213E300631AAD /* libsqlite3.dylib */ = {isa = PBXFileReference; lastKnownFileType = "compiled.mach-o.dylib"; name = libsqlite3.dylib; path = usr/lib/libsqlite3.dylib; sourceTree = SDKROOT; };
		640C3F961602140D00631AAD /* libz.dylib */ = {isa = PBXFileReference; lastKnownFileType = "compiled.mach-o.dylib"; name = libz.dylib; path = usr/lib/libz.dylib; sourceTree = SDKROOT; };
		6417095F1515521C00F53185 /* RPTVViewController.h */ = {isa = PBXFileReference; fileEncoding = 4; lastKnownFileType = sourcecode.c.h; path = RPTVViewController.h; sourceTree = "<group>"; };
		641709601515521C00F53185 /* RPTVViewController.m */ = {isa = PBXFileReference; fileEncoding = 4; lastKnownFileType = sourcecode.c.objc; path = RPTVViewController.m; sourceTree = "<group>"; };
		641709611515521C00F53185 /* RPTVViewController.xib */ = {isa = PBXFileReference; fileEncoding = 4; lastKnownFileType = file.xib; path = RPTVViewController.xib; sourceTree = "<group>"; };
		64208F6715F6AA3900205CB9 /* button-addsong.png */ = {isa = PBXFileReference; lastKnownFileType = image.png; name = "button-addsong.png"; path = "Images/button-addsong.png"; sourceTree = "<group>"; };
		64208F6815F6AA3900205CB9 /* button-addsong@2x.png */ = {isa = PBXFileReference; lastKnownFileType = image.png; name = "button-addsong@2x.png"; path = "Images/button-addsong@2x.png"; sourceTree = "<group>"; };
		64208F6915F6AA3900205CB9 /* button-songlist.png */ = {isa = PBXFileReference; lastKnownFileType = image.png; name = "button-songlist.png"; path = "Images/button-songlist.png"; sourceTree = "<group>"; };
		64208F6A15F6AA3900205CB9 /* button-songlist@2x.png */ = {isa = PBXFileReference; lastKnownFileType = image.png; name = "button-songlist@2x.png"; path = "Images/button-songlist@2x.png"; sourceTree = "<group>"; };
		64468A00152FA20E00BCDEBF /* Icon-Small-50.png */ = {isa = PBXFileReference; lastKnownFileType = image.png; path = "Icon-Small-50.png"; sourceTree = "<group>"; };
		64468A01152FA20E00BCDEBF /* Icon-Small-50@2x.png */ = {isa = PBXFileReference; lastKnownFileType = image.png; path = "Icon-Small-50@2x.png"; sourceTree = "<group>"; };
		64468A02152FA20E00BCDEBF /* Icon-Small.png */ = {isa = PBXFileReference; lastKnownFileType = image.png; path = "Icon-Small.png"; sourceTree = "<group>"; };
		64468A03152FA20E00BCDEBF /* Icon-Small@2x.png */ = {isa = PBXFileReference; lastKnownFileType = image.png; path = "Icon-Small@2x.png"; sourceTree = "<group>"; };
		64468A0A152FA35600BCDEBF /* Default-Landscape@2x.png */ = {isa = PBXFileReference; lastKnownFileType = image.png; name = "Default-Landscape@2x.png"; path = "Images/Default-Landscape@2x.png"; sourceTree = "<group>"; };
		64468A0C152FA45200BCDEBF /* iTunesArtwork */ = {isa = PBXFileReference; lastKnownFileType = file; path = iTunesArtwork; sourceTree = "<group>"; };
		6447824015318E5A000ACC0B /* logo_2011_rphd@2x.png */ = {isa = PBXFileReference; lastKnownFileType = image.png; name = "logo_2011_rphd@2x.png"; path = "Images/logo_2011_rphd@2x.png"; sourceTree = "<group>"; };
		64563B5615F65EF300664C74 /* SongAdder.h */ = {isa = PBXFileReference; fileEncoding = 4; lastKnownFileType = sourcecode.c.h; path = SongAdder.h; sourceTree = "<group>"; };
		64563B5715F65EF300664C74 /* SongAdder.m */ = {isa = PBXFileReference; fileEncoding = 4; lastKnownFileType = sourcecode.c.objc; path = SongAdder.m; sourceTree = "<group>"; };
		6456AE8115B8C94D0060EC8E /* button-left.png */ = {isa = PBXFileReference; lastKnownFileType = image.png; name = "button-left.png"; path = "Images/button-left.png"; sourceTree = "<group>"; };
		6456AE8215B8C94D0060EC8E /* button-left@2x.png */ = {isa = PBXFileReference; lastKnownFileType = image.png; name = "button-left@2x.png"; path = "Images/button-left@2x.png"; sourceTree = "<group>"; };
		64606A9D15B85E5C00CA0FC6 /* button-psd-active.png */ = {isa = PBXFileReference; lastKnownFileType = image.png; name = "button-psd-active.png"; path = "Images/button-psd-active.png"; sourceTree = "<group>"; };
		64606A9E15B85E5C00CA0FC6 /* button-psd-active@2x.png */ = {isa = PBXFileReference; lastKnownFileType = image.png; name = "button-psd-active@2x.png"; path = "Images/button-psd-active@2x.png"; sourceTree = "<group>"; };
		646ACA7315B46901001B5B73 /* STKeychain.h */ = {isa = PBXFileReference; fileEncoding = 4; lastKnownFileType = sourcecode.c.h; path = STKeychain.h; sourceTree = "<group>"; };
		646ACA7415B46901001B5B73 /* STKeychain.m */ = {isa = PBXFileReference; fileEncoding = 4; lastKnownFileType = sourcecode.c.objc; path = STKeychain.m; sourceTree = "<group>"; };
		646ACA7715B46A12001B5B73 /* Security.framework */ = {isa = PBXFileReference; lastKnownFileType = wrapper.framework; name = Security.framework; path = System/Library/Frameworks/Security.framework; sourceTree = SDKROOT; };
		646ACA8515B46D6A001B5B73 /* RPLoginController.h */ = {isa = PBXFileReference; fileEncoding = 4; lastKnownFileType = sourcecode.c.h; path = RPLoginController.h; sourceTree = "<group>"; };
		646ACA8615B46D6A001B5B73 /* RPLoginController.m */ = {isa = PBXFileReference; fileEncoding = 4; lastKnownFileType = sourcecode.c.objc; path = RPLoginController.m; sourceTree = "<group>"; };
		646ACA8715B46D6A001B5B73 /* RPLoginController~ipad.xib */ = {isa = PBXFileReference; fileEncoding = 4; lastKnownFileType = file.xib; path = "RPLoginController~ipad.xib"; sourceTree = "<group>"; };
		646ACA8A15B47699001B5B73 /* RPLoginController~iphone.xib */ = {isa = PBXFileReference; fileEncoding = 4; lastKnownFileType = file.xib; path = "RPLoginController~iphone.xib"; sourceTree = "<group>"; };
		646B5EA9154755D100A2544C /* Icon.png */ = {isa = PBXFileReference; lastKnownFileType = image.png; name = Icon.png; path = ../Icon.png; sourceTree = "<group>"; };
		646B5EAB154755D600A2544C /* Icon@2x.png */ = {isa = PBXFileReference; lastKnownFileType = image.png; name = "Icon@2x.png"; path = "../Icon@2x.png"; sourceTree = "<group>"; };
		64701A2315F6B31900282502 /* SongsViewController~ipad.xib */ = {isa = PBXFileReference; fileEncoding = 4; lastKnownFileType = file.xib; path = "SongsViewController~ipad.xib"; sourceTree = "<group>"; };
		648C68C515C823600065043D /* CoreMedia.framework */ = {isa = PBXFileReference; lastKnownFileType = wrapper.framework; name = CoreMedia.framework; path = System/Library/Frameworks/CoreMedia.framework; sourceTree = SDKROOT; };
		64983AC615C8A7E300C626A9 /* Icon-72@2x.png */ = {isa = PBXFileReference; lastKnownFileType = image.png; name = "Icon-72@2x.png"; path = "../Icon-72@2x.png"; sourceTree = "<group>"; };
		6499667B15B81AFF00C68479 /* AVFoundation.framework */ = {isa = PBXFileReference; lastKnownFileType = wrapper.framework; name = AVFoundation.framework; path = System/Library/Frameworks/AVFoundation.framework; sourceTree = SDKROOT; };
		64A0DCC715EF667D0088F8D3 /* rphd.xcdatamodel */ = {isa = PBXFileReference; lastKnownFileType = wrapper.xcdatamodel; path = rphd.xcdatamodel; sourceTree = "<group>"; };
		64A0DCDE15EF72560088F8D3 /* CoreData.framework */ = {isa = PBXFileReference; lastKnownFileType = wrapper.framework; name = CoreData.framework; path = System/Library/Frameworks/CoreData.framework; sourceTree = SDKROOT; };
		64A0DCFB15F4FB710088F8D3 /* RP HD.entitlements */ = {isa = PBXFileReference; lastKnownFileType = text.xml; path = "RP HD.entitlements"; sourceTree = "<group>"; };
		64A0DCFC15F503800088F8D3 /* SongsViewController.h */ = {isa = PBXFileReference; fileEncoding = 4; lastKnownFileType = sourcecode.c.h; path = SongsViewController.h; sourceTree = "<group>"; };
		64A0DCFD15F503810088F8D3 /* SongsViewController.m */ = {isa = PBXFileReference; fileEncoding = 4; lastKnownFileType = sourcecode.c.objc; path = SongsViewController.m; sourceTree = "<group>"; };
		64A0DCFE15F503810088F8D3 /* SongsViewController.xib */ = {isa = PBXFileReference; fileEncoding = 4; lastKnownFileType = file.xib; path = SongsViewController.xib; sourceTree = "<group>"; };
		64AAF9F8151383220061DD49 /* Screen-Down.png */ = {isa = PBXFileReference; lastKnownFileType = image.png; name = "Screen-Down.png"; path = "Images/Screen-Down.png"; sourceTree = "<group>"; };
		64AAF9F9151383220061DD49 /* Screen-Down@2x.png */ = {isa = PBXFileReference; lastKnownFileType = image.png; name = "Screen-Down@2x.png"; path = "Images/Screen-Down@2x.png"; sourceTree = "<group>"; };
		64AAF9FD151388860061DD49 /* Default-Landscape.png */ = {isa = PBXFileReference; lastKnownFileType = image.png; name = "Default-Landscape.png"; path = "Images/Default-Landscape.png"; sourceTree = "<group>"; };
		64AAF9FF151389820061DD49 /* AboutBox~ipad.xib */ = {isa = PBXFileReference; fileEncoding = 4; lastKnownFileType = file.xib; path = "AboutBox~ipad.xib"; sourceTree = "<group>"; };
		64AAFA04151391200061DD49 /* RPViewController.h */ = {isa = PBXFileReference; fileEncoding = 4; lastKnownFileType = sourcecode.c.h; path = RPViewController.h; sourceTree = "<group>"; };
		64AAFA05151391200061DD49 /* RPViewController.m */ = {isa = PBXFileReference; fileEncoding = 4; lastKnownFileType = sourcecode.c.objc; path = RPViewController.m; sourceTree = "<group>"; };
		64AAFA07151393260061DD49 /* RPAboutBox.h */ = {isa = PBXFileReference; fileEncoding = 4; lastKnownFileType = sourcecode.c.h; path = RPAboutBox.h; sourceTree = "<group>"; };
		64AAFA08151393260061DD49 /* RPAboutBox.m */ = {isa = PBXFileReference; fileEncoding = 4; lastKnownFileType = sourcecode.c.objc; path = RPAboutBox.m; sourceTree = "<group>"; };
		64AAFA0A1513A6FF0061DD49 /* RPForumView.h */ = {isa = PBXFileReference; fileEncoding = 4; lastKnownFileType = sourcecode.c.h; path = RPForumView.h; sourceTree = "<group>"; };
		64AAFA0B1513A6FF0061DD49 /* RPForumView.m */ = {isa = PBXFileReference; fileEncoding = 4; lastKnownFileType = sourcecode.c.objc; path = RPForumView.m; sourceTree = "<group>"; };
		64AAFA0C1513A6FF0061DD49 /* RPForumView~ipad.xib */ = {isa = PBXFileReference; fileEncoding = 4; lastKnownFileType = file.xib; path = "RPForumView~ipad.xib"; sourceTree = "<group>"; };
		64AAFA0F1513F41A0061DD49 /* RP-meta.png */ = {isa = PBXFileReference; lastKnownFileType = image.png; name = "RP-meta.png"; path = "Images/RP-meta.png"; sourceTree = "<group>"; };
		64AAFA101513F41A0061DD49 /* RP-meta@2x.png */ = {isa = PBXFileReference; lastKnownFileType = image.png; name = "RP-meta@2x.png"; path = "Images/RP-meta@2x.png"; sourceTree = "<group>"; };
		64AAFA131513F8D30061DD49 /* back.png */ = {isa = PBXFileReference; lastKnownFileType = image.png; name = back.png; path = Images/back.png; sourceTree = "<group>"; };
		64AAFA141513F8D30061DD49 /* back@2x.png */ = {isa = PBXFileReference; lastKnownFileType = image.png; name = "back@2x.png"; path = "Images/back@2x.png"; sourceTree = "<group>"; };
		64AAFA151513F8D30061DD49 /* forward.png */ = {isa = PBXFileReference; lastKnownFileType = image.png; name = forward.png; path = Images/forward.png; sourceTree = "<group>"; };
		64AAFA161513F8D30061DD49 /* forward@2x.png */ = {isa = PBXFileReference; lastKnownFileType = image.png; name = "forward@2x.png"; path = "Images/forward@2x.png"; sourceTree = "<group>"; };
		64AD767B1548B9A7001910E9 /* Default-Portrait.png */ = {isa = PBXFileReference; lastKnownFileType = image.png; name = "Default-Portrait.png"; path = "Images/Default-Portrait.png"; sourceTree = "<group>"; };
		64AD767C1548B9A7001910E9 /* Default-Portrait@2x.png */ = {isa = PBXFileReference; lastKnownFileType = image.png; name = "Default-Portrait@2x.png"; path = "Images/Default-Portrait@2x.png"; sourceTree = "<group>"; };
		64D481201547577800BC1085 /* en */ = {isa = PBXFileReference; lastKnownFileType = file.xib; name = en; path = "en.lproj/RPViewController~iphone.xib"; sourceTree = "<group>"; };
		64D4812215475C5300BC1085 /* RPForumView~iphone.xib */ = {isa = PBXFileReference; fileEncoding = 4; lastKnownFileType = file.xib; path = "RPForumView~iphone.xib"; sourceTree = "<group>"; };
		64D481241547607D00BC1085 /* SmallLogo_rphd.png */ = {isa = PBXFileReference; lastKnownFileType = image.png; name = SmallLogo_rphd.png; path = Images/SmallLogo_rphd.png; sourceTree = "<group>"; };
		64D481251547607D00BC1085 /* SmallLogo_rphd@2x.png */ = {isa = PBXFileReference; lastKnownFileType = image.png; name = "SmallLogo_rphd@2x.png"; path = "Images/SmallLogo_rphd@2x.png"; sourceTree = "<group>"; };
		64D48128154762E100BC1085 /* AboutBox~iphone.xib */ = {isa = PBXFileReference; fileEncoding = 4; lastKnownFileType = file.xib; path = "AboutBox~iphone.xib"; sourceTree = "<group>"; };
		64D4812A1547678E00BC1085 /* Localizable.strings */ = {isa = PBXFileReference; fileEncoding = 4; lastKnownFileType = text.plist.strings; path = Localizable.strings; sourceTree = "<group>"; };
		64D48130154767F300BC1085 /* Appirater.h */ = {isa = PBXFileReference; fileEncoding = 4; lastKnownFileType = sourcecode.c.h; path = Appirater.h; sourceTree = "<group>"; };
		64D48131154767F300BC1085 /* Appirater.m */ = {isa = PBXFileReference; fileEncoding = 4; lastKnownFileType = sourcecode.c.objc; path = Appirater.m; sourceTree = "<group>"; };
		64D481331547681A00BC1085 /* SystemConfiguration.framework */ = {isa = PBXFileReference; lastKnownFileType = wrapper.framework; name = SystemConfiguration.framework; path = System/Library/Frameworks/SystemConfiguration.framework; sourceTree = SDKROOT; };
		64D60D9B15B6BADA0099A168 /* button-psd.png */ = {isa = PBXFileReference; lastKnownFileType = image.png; name = "button-psd.png"; path = "Images/button-psd.png"; sourceTree = "<group>"; };
		64D60D9C15B6BADA0099A168 /* button-psd@2x.png */ = {isa = PBXFileReference; lastKnownFileType = image.png; name = "button-psd@2x.png"; path = "Images/button-psd@2x.png"; sourceTree = "<group>"; };
		64DFC65115F7469C00214188 /* Song.h */ = {isa = PBXFileReference; fileEncoding = 4; lastKnownFileType = sourcecode.c.h; path = Song.h; sourceTree = "<group>"; };
		64DFC65215F7469C00214188 /* Song.m */ = {isa = PBXFileReference; fileEncoding = 4; lastKnownFileType = sourcecode.c.objc; path = Song.m; sourceTree = "<group>"; };
		64DFC65A15F74F9800214188 /* UIImage+RoundedCorner.h */ = {isa = PBXFileReference; fileEncoding = 4; lastKnownFileType = sourcecode.c.h; path = "UIImage+RoundedCorner.h"; sourceTree = "<group>"; };
		64DFC65B15F74F9800214188 /* UIImage+RoundedCorner.m */ = {isa = PBXFileReference; fileEncoding = 4; lastKnownFileType = sourcecode.c.objc; path = "UIImage+RoundedCorner.m"; sourceTree = "<group>"; };
		64F5AF6E15EE5EAE0018B38A /* CoreDataController.h */ = {isa = PBXFileReference; fileEncoding = 4; lastKnownFileType = sourcecode.c.h; path = CoreDataController.h; sourceTree = "<group>"; };
		64F5AF6F15EE5EAE0018B38A /* CoreDataController.m */ = {isa = PBXFileReference; fileEncoding = 4; lastKnownFileType = sourcecode.c.objc; path = CoreDataController.m; sourceTree = "<group>"; };
		64F5AF7015EE5EAE0018B38A /* NSString+UUID.h */ = {isa = PBXFileReference; fileEncoding = 4; lastKnownFileType = sourcecode.c.h; path = "NSString+UUID.h"; sourceTree = "<group>"; };
		64F5AF7115EE5EAE0018B38A /* NSString+UUID.m */ = {isa = PBXFileReference; fileEncoding = 4; lastKnownFileType = sourcecode.c.objc; path = "NSString+UUID.m"; sourceTree = "<group>"; };
		64F5AF7215EE5EAE0018B38A /* SDCloudUserDefaults.h */ = {isa = PBXFileReference; fileEncoding = 4; lastKnownFileType = sourcecode.c.h; path = SDCloudUserDefaults.h; sourceTree = "<group>"; };
		64F5AF7315EE5EAE0018B38A /* SDCloudUserDefaults.m */ = {isa = PBXFileReference; fileEncoding = 4; lastKnownFileType = sourcecode.c.objc; path = SDCloudUserDefaults.m; sourceTree = "<group>"; };
		64F8022C1512272E0080D442 /* RP HD.app */ = {isa = PBXFileReference; explicitFileType = wrapper.application; includeInIndex = 0; path = "RP HD.app"; sourceTree = BUILT_PRODUCTS_DIR; };
		64F802301512272E0080D442 /* UIKit.framework */ = {isa = PBXFileReference; lastKnownFileType = wrapper.framework; name = UIKit.framework; path = System/Library/Frameworks/UIKit.framework; sourceTree = SDKROOT; };
		64F802321512272E0080D442 /* Foundation.framework */ = {isa = PBXFileReference; lastKnownFileType = wrapper.framework; name = Foundation.framework; path = System/Library/Frameworks/Foundation.framework; sourceTree = SDKROOT; };
		64F802341512272E0080D442 /* CoreGraphics.framework */ = {isa = PBXFileReference; lastKnownFileType = wrapper.framework; name = CoreGraphics.framework; path = System/Library/Frameworks/CoreGraphics.framework; sourceTree = SDKROOT; };
		64F802381512272E0080D442 /* RP HD-Info.plist */ = {isa = PBXFileReference; lastKnownFileType = text.plist.xml; path = "RP HD-Info.plist"; sourceTree = "<group>"; };
		64F8023A1512272E0080D442 /* en */ = {isa = PBXFileReference; lastKnownFileType = text.plist.strings; name = en; path = en.lproj/InfoPlist.strings; sourceTree = "<group>"; };
		64F8023C1512272E0080D442 /* main.m */ = {isa = PBXFileReference; lastKnownFileType = sourcecode.c.objc; path = main.m; sourceTree = "<group>"; };
		64F8023E1512272E0080D442 /* RP HD-Prefix.pch */ = {isa = PBXFileReference; lastKnownFileType = sourcecode.c.h; path = "RP HD-Prefix.pch"; sourceTree = "<group>"; };
		64F8023F1512272E0080D442 /* RPAppDelegate.h */ = {isa = PBXFileReference; lastKnownFileType = sourcecode.c.h; path = RPAppDelegate.h; sourceTree = "<group>"; };
		64F802401512272E0080D442 /* RPAppDelegate.m */ = {isa = PBXFileReference; lastKnownFileType = sourcecode.c.objc; path = RPAppDelegate.m; sourceTree = "<group>"; };
		64F802461512272E0080D442 /* en */ = {isa = PBXFileReference; lastKnownFileType = file.xib; name = en; path = "en.lproj/RPViewController~ipad.xib"; sourceTree = "<group>"; };
		64F8024E151228950080D442 /* button-play.png */ = {isa = PBXFileReference; lastKnownFileType = image.png; name = "button-play.png"; path = "Images/button-play.png"; sourceTree = "<group>"; };
		64F8024F151228950080D442 /* button-play@2x.png */ = {isa = PBXFileReference; lastKnownFileType = image.png; name = "button-play@2x.png"; path = "Images/button-play@2x.png"; sourceTree = "<group>"; };
		64F80250151228950080D442 /* button-stop.png */ = {isa = PBXFileReference; lastKnownFileType = image.png; name = "button-stop.png"; path = "Images/button-stop.png"; sourceTree = "<group>"; };
		64F80251151228950080D442 /* button-stop@2x.png */ = {isa = PBXFileReference; lastKnownFileType = image.png; name = "button-stop@2x.png"; path = "Images/button-stop@2x.png"; sourceTree = "<group>"; };
		64F80252151228950080D442 /* logo_2011_rphd.png */ = {isa = PBXFileReference; lastKnownFileType = image.png; name = logo_2011_rphd.png; path = Images/logo_2011_rphd.png; sourceTree = "<group>"; };
		64F8025E1512338D0080D442 /* Icon-72.png */ = {isa = PBXFileReference; lastKnownFileType = image.png; name = "Icon-72.png"; path = "../Icon-72.png"; sourceTree = "<group>"; };
		64F802691512386A0080D442 /* AudioToolbox.framework */ = {isa = PBXFileReference; lastKnownFileType = wrapper.framework; name = AudioToolbox.framework; path = System/Library/Frameworks/AudioToolbox.framework; sourceTree = SDKROOT; };
		64F8026B1512386A0080D442 /* MediaPlayer.framework */ = {isa = PBXFileReference; lastKnownFileType = wrapper.framework; name = MediaPlayer.framework; path = System/Library/Frameworks/MediaPlayer.framework; sourceTree = SDKROOT; };
		64F8026F151239120080D442 /* CFNetwork.framework */ = {isa = PBXFileReference; lastKnownFileType = wrapper.framework; name = CFNetwork.framework; path = System/Library/Frameworks/CFNetwork.framework; sourceTree = SDKROOT; };
/* End PBXFileReference section */

/* Begin PBXFrameworksBuildPhase section */
		64F802291512272E0080D442 /* Frameworks */ = {
			isa = PBXFrameworksBuildPhase;
			buildActionMask = 2147483647;
			files = (
				640C3F971602140E00631AAD /* libz.dylib in Frameworks */,
				640C3F95160213E300631AAD /* libsqlite3.dylib in Frameworks */,
				6407D27815F8F2B700E80E24 /* Twitter.framework in Frameworks */,
				6407D27515F8EB3800E80E24 /* MessageUI.framework in Frameworks */,
				64A0DCDF15EF72560088F8D3 /* CoreData.framework in Frameworks */,
				648C68C615C823600065043D /* CoreMedia.framework in Frameworks */,
				6499667C15B81AFF00C68479 /* AVFoundation.framework in Frameworks */,
				646ACA7815B46A12001B5B73 /* Security.framework in Frameworks */,
				64D481341547681A00BC1085 /* SystemConfiguration.framework in Frameworks */,
				64F80270151239120080D442 /* CFNetwork.framework in Frameworks */,
				64F8026C1512386A0080D442 /* AudioToolbox.framework in Frameworks */,
				64F8026E1512386A0080D442 /* MediaPlayer.framework in Frameworks */,
				64F802311512272E0080D442 /* UIKit.framework in Frameworks */,
				64F802331512272E0080D442 /* Foundation.framework in Frameworks */,
				64F802351512272E0080D442 /* CoreGraphics.framework in Frameworks */,
			);
			runOnlyForDeploymentPostprocessing = 0;
		};
/* End PBXFrameworksBuildPhase section */

/* Begin PBXGroup section */
		640C3F8916020CF600631AAD /* Localytics */ = {
			isa = PBXGroup;
			children = (
				640C3F8A16020CF600631AAD /* LocalyticsDatabase.h */,
				640C3F8B16020CF600631AAD /* LocalyticsDatabase.m */,
				640C3F8C16020CF600631AAD /* LocalyticsSession.h */,
				640C3F8D16020CF600631AAD /* LocalyticsSession.m */,
				640C3F8E16020CF600631AAD /* LocalyticsUploader.h */,
				640C3F8F16020CF600631AAD /* LocalyticsUploader.m */,
				640C3F9016020CF600631AAD /* WebserviceConstants.h */,
			);
			name = Localytics;
			path = "RP HD/Localytics";
			sourceTree = "<group>";
		};
		646ACA7215B46901001B5B73 /* STKeychain */ = {
			isa = PBXGroup;
			children = (
				646ACA7315B46901001B5B73 /* STKeychain.h */,
				646ACA7415B46901001B5B73 /* STKeychain.m */,
			);
			path = STKeychain;
			sourceTree = "<group>";
		};
		64D4812C154767A800BC1085 /* appirater */ = {
			isa = PBXGroup;
			children = (
				64D48130154767F300BC1085 /* Appirater.h */,
				64D48131154767F300BC1085 /* Appirater.m */,
			);
			path = appirater;
			sourceTree = "<group>";
		};
		64F5AF6D15EE5EAE0018B38A /* SongsInTheCloud */ = {
			isa = PBXGroup;
			children = (
				64DFC65A15F74F9800214188 /* UIImage+RoundedCorner.h */,
				64DFC65B15F74F9800214188 /* UIImage+RoundedCorner.m */,
				64F5AF6E15EE5EAE0018B38A /* CoreDataController.h */,
				64F5AF6F15EE5EAE0018B38A /* CoreDataController.m */,
				64F5AF7015EE5EAE0018B38A /* NSString+UUID.h */,
				64F5AF7115EE5EAE0018B38A /* NSString+UUID.m */,
				64F5AF7215EE5EAE0018B38A /* SDCloudUserDefaults.h */,
				64F5AF7315EE5EAE0018B38A /* SDCloudUserDefaults.m */,
				64DFC65115F7469C00214188 /* Song.h */,
				64DFC65215F7469C00214188 /* Song.m */,
				64A0DCC615EF667D0088F8D3 /* rphd.xcdatamodeld */,
				64A0DCFC15F503800088F8D3 /* SongsViewController.h */,
				64A0DCFD15F503810088F8D3 /* SongsViewController.m */,
				64A0DCFE15F503810088F8D3 /* SongsViewController.xib */,
				64701A2315F6B31900282502 /* SongsViewController~ipad.xib */,
				64563B5615F65EF300664C74 /* SongAdder.h */,
				64563B5715F65EF300664C74 /* SongAdder.m */,
			);
			name = SongsInTheCloud;
			path = iCloud;
			sourceTree = "<group>";
		};
		64F802211512272D0080D442 = {
			isa = PBXGroup;
			children = (
				640C3F8916020CF600631AAD /* Localytics */,
				64F802361512272E0080D442 /* RP HD */,
				64F8022F1512272E0080D442 /* Frameworks */,
				64F8022D1512272E0080D442 /* Products */,
			);
			sourceTree = "<group>";
		};
		64F8022D1512272E0080D442 /* Products */ = {
			isa = PBXGroup;
			children = (
				64F8022C1512272E0080D442 /* RP HD.app */,
			);
			name = Products;
			sourceTree = "<group>";
		};
		64F8022F1512272E0080D442 /* Frameworks */ = {
			isa = PBXGroup;
			children = (
				640C3F94160213E300631AAD /* libsqlite3.dylib */,
				6407D27715F8F2B700E80E24 /* Twitter.framework */,
				6407D27415F8EB3800E80E24 /* MessageUI.framework */,
				64A0DCDE15EF72560088F8D3 /* CoreData.framework */,
				648C68C515C823600065043D /* CoreMedia.framework */,
				6499667B15B81AFF00C68479 /* AVFoundation.framework */,
				646ACA7715B46A12001B5B73 /* Security.framework */,
				64D481331547681A00BC1085 /* SystemConfiguration.framework */,
				64F8026F151239120080D442 /* CFNetwork.framework */,
				64F802691512386A0080D442 /* AudioToolbox.framework */,
				64F8026B1512386A0080D442 /* MediaPlayer.framework */,
				64F802301512272E0080D442 /* UIKit.framework */,
				64F802321512272E0080D442 /* Foundation.framework */,
				64F802341512272E0080D442 /* CoreGraphics.framework */,
			);
			name = Frameworks;
			sourceTree = "<group>";
		};
		64F802361512272E0080D442 /* RP HD */ = {
			isa = PBXGroup;
			children = (
				64F5AF6D15EE5EAE0018B38A /* SongsInTheCloud */,
				646ACA7215B46901001B5B73 /* STKeychain */,
				64D4812C154767A800BC1085 /* appirater */,
				64F8024D151228870080D442 /* Images */,
				64F8023F1512272E0080D442 /* RPAppDelegate.h */,
				64F802401512272E0080D442 /* RPAppDelegate.m */,
				6417095F1515521C00F53185 /* RPTVViewController.h */,
				641709601515521C00F53185 /* RPTVViewController.m */,
				641709611515521C00F53185 /* RPTVViewController.xib */,
				64AAFA04151391200061DD49 /* RPViewController.h */,
				64AAFA05151391200061DD49 /* RPViewController.m */,
				64F802451512272E0080D442 /* RPViewController~ipad.xib */,
				64D481211547577800BC1085 /* RPViewController~iphone.xib */,
				64AAFA0A1513A6FF0061DD49 /* RPForumView.h */,
				64AAFA0B1513A6FF0061DD49 /* RPForumView.m */,
				64AAFA0C1513A6FF0061DD49 /* RPForumView~ipad.xib */,
				64D4812215475C5300BC1085 /* RPForumView~iphone.xib */,
				64AAFA07151393260061DD49 /* RPAboutBox.h */,
				64AAFA08151393260061DD49 /* RPAboutBox.m */,
				64AAF9FF151389820061DD49 /* AboutBox~ipad.xib */,
				64D48128154762E100BC1085 /* AboutBox~iphone.xib */,
				646ACA8515B46D6A001B5B73 /* RPLoginController.h */,
				646ACA8615B46D6A001B5B73 /* RPLoginController.m */,
				646ACA8715B46D6A001B5B73 /* RPLoginController~ipad.xib */,
				646ACA8A15B47699001B5B73 /* RPLoginController~iphone.xib */,
				64F802371512272E0080D442 /* Supporting Files */,
			);
			path = "RP HD";
			sourceTree = "<group>";
		};
		64F802371512272E0080D442 /* Supporting Files */ = {
			isa = PBXGroup;
			children = (
				640C3F961602140D00631AAD /* libz.dylib */,
				640C3F861601D20300631AAD /* Default-568h@2x.png */,
				64AAF9FD151388860061DD49 /* Default-Landscape.png */,
				64468A0A152FA35600BCDEBF /* Default-Landscape@2x.png */,
				64AD767B1548B9A7001910E9 /* Default-Portrait.png */,
				64AD767C1548B9A7001910E9 /* Default-Portrait@2x.png */,
				64047A551548B65B00DF6B8F /* Default.png */,
				64047A561548B65B00DF6B8F /* Default@2x.png */,
				64983AC615C8A7E300C626A9 /* Icon-72@2x.png */,
				64D4812A1547678E00BC1085 /* Localizable.strings */,
				646B5EAB154755D600A2544C /* Icon@2x.png */,
				646B5EA9154755D100A2544C /* Icon.png */,
				64F8025E1512338D0080D442 /* Icon-72.png */,
				64468A00152FA20E00BCDEBF /* Icon-Small-50.png */,
				64468A01152FA20E00BCDEBF /* Icon-Small-50@2x.png */,
				64468A02152FA20E00BCDEBF /* Icon-Small.png */,
				64468A03152FA20E00BCDEBF /* Icon-Small@2x.png */,
				64A0DCFB15F4FB710088F8D3 /* RP HD.entitlements */,
				64468A0C152FA45200BCDEBF /* iTunesArtwork */,
				64F802381512272E0080D442 /* RP HD-Info.plist */,
				64F802391512272E0080D442 /* InfoPlist.strings */,
				64F8023C1512272E0080D442 /* main.m */,
				64F8023E1512272E0080D442 /* RP HD-Prefix.pch */,
			);
			name = "Supporting Files";
			sourceTree = "<group>";
		};
		64F8024D151228870080D442 /* Images */ = {
			isa = PBXGroup;
			children = (
				64AAFA131513F8D30061DD49 /* back.png */,
				64AAFA141513F8D30061DD49 /* back@2x.png */,
				64AAFA151513F8D30061DD49 /* forward.png */,
				64AAFA161513F8D30061DD49 /* forward@2x.png */,
				64AAFA0F1513F41A0061DD49 /* RP-meta.png */,
				64AAFA101513F41A0061DD49 /* RP-meta@2x.png */,
				64AAF9F8151383220061DD49 /* Screen-Down.png */,
				64AAF9F9151383220061DD49 /* Screen-Down@2x.png */,
				6456AE8115B8C94D0060EC8E /* button-left.png */,
				6456AE8215B8C94D0060EC8E /* button-left@2x.png */,
				64F8024E151228950080D442 /* button-play.png */,
				64F8024F151228950080D442 /* button-play@2x.png */,
				64F80250151228950080D442 /* button-stop.png */,
				64F80251151228950080D442 /* button-stop@2x.png */,
				64D481241547607D00BC1085 /* SmallLogo_rphd.png */,
				64D481251547607D00BC1085 /* SmallLogo_rphd@2x.png */,
				64208F6715F6AA3900205CB9 /* button-addsong.png */,
				64208F6815F6AA3900205CB9 /* button-addsong@2x.png */,
				64208F6915F6AA3900205CB9 /* button-songlist.png */,
				64208F6A15F6AA3900205CB9 /* button-songlist@2x.png */,
				64D60D9B15B6BADA0099A168 /* button-psd.png */,
				64D60D9C15B6BADA0099A168 /* button-psd@2x.png */,
				64606A9D15B85E5C00CA0FC6 /* button-psd-active.png */,
				64606A9E15B85E5C00CA0FC6 /* button-psd-active@2x.png */,
				64F80252151228950080D442 /* logo_2011_rphd.png */,
				6447824015318E5A000ACC0B /* logo_2011_rphd@2x.png */,
			);
			name = Images;
			sourceTree = "<group>";
		};
/* End PBXGroup section */

/* Begin PBXNativeTarget section */
		64F8022B1512272E0080D442 /* RP HD */ = {
			isa = PBXNativeTarget;
			buildConfigurationList = 64F8024A1512272E0080D442 /* Build configuration list for PBXNativeTarget "RP HD" */;
			buildPhases = (
				64F802281512272E0080D442 /* Sources */,
				64F802291512272E0080D442 /* Frameworks */,
				64F8022A1512272E0080D442 /* Resources */,
			);
			buildRules = (
			);
			dependencies = (
			);
			name = "RP HD";
			productName = "RP HD";
			productReference = 64F8022C1512272E0080D442 /* RP HD.app */;
			productType = "com.apple.product-type.application";
		};
/* End PBXNativeTarget section */

/* Begin PBXProject section */
		64F802231512272D0080D442 /* Project object */ = {
			isa = PBXProject;
			attributes = {
				CLASSPREFIX = RP;
				LastUpgradeCheck = 0430;
			};
			buildConfigurationList = 64F802261512272D0080D442 /* Build configuration list for PBXProject "RP HD" */;
			compatibilityVersion = "Xcode 3.2";
			developmentRegion = English;
			hasScannedForEncodings = 0;
			knownRegions = (
				en,
			);
			mainGroup = 64F802211512272D0080D442;
			productRefGroup = 64F8022D1512272E0080D442 /* Products */;
			projectDirPath = "";
			projectRoot = "";
			targets = (
				64F8022B1512272E0080D442 /* RP HD */,
			);
		};
/* End PBXProject section */

/* Begin PBXResourcesBuildPhase section */
		64F8022A1512272E0080D442 /* Resources */ = {
			isa = PBXResourcesBuildPhase;
			buildActionMask = 2147483647;
			files = (
				64F8023B1512272E0080D442 /* InfoPlist.strings in Resources */,
				64F802471512272E0080D442 /* RPViewController~ipad.xib in Resources */,
				64F80253151228950080D442 /* button-play.png in Resources */,
				64F80254151228950080D442 /* button-play@2x.png in Resources */,
				64F80255151228950080D442 /* button-stop.png in Resources */,
				64F80256151228950080D442 /* button-stop@2x.png in Resources */,
				64F80257151228950080D442 /* logo_2011_rphd.png in Resources */,
				64F8025F1512338D0080D442 /* Icon-72.png in Resources */,
				64AAF9FA151383220061DD49 /* Screen-Down.png in Resources */,
				64AAF9FB151383220061DD49 /* Screen-Down@2x.png in Resources */,
				64AAF9FE151388860061DD49 /* Default-Landscape.png in Resources */,
				64AAFA00151389820061DD49 /* AboutBox~ipad.xib in Resources */,
				64AAFA0E1513A7000061DD49 /* RPForumView~ipad.xib in Resources */,
				64AAFA111513F41A0061DD49 /* RP-meta.png in Resources */,
				64AAFA121513F41A0061DD49 /* RP-meta@2x.png in Resources */,
				64AAFA171513F8D30061DD49 /* back.png in Resources */,
				64AAFA181513F8D30061DD49 /* back@2x.png in Resources */,
				64AAFA191513F8D30061DD49 /* forward.png in Resources */,
				64AAFA1A1513F8D30061DD49 /* forward@2x.png in Resources */,
				641709631515521C00F53185 /* RPTVViewController.xib in Resources */,
				64468A05152FA20E00BCDEBF /* Icon-Small-50.png in Resources */,
				64468A06152FA20E00BCDEBF /* Icon-Small-50@2x.png in Resources */,
				64468A07152FA20E00BCDEBF /* Icon-Small.png in Resources */,
				64468A08152FA20E00BCDEBF /* Icon-Small@2x.png in Resources */,
				64468A0B152FA35600BCDEBF /* Default-Landscape@2x.png in Resources */,
				6447824115318E5A000ACC0B /* logo_2011_rphd@2x.png in Resources */,
				646B5EAA154755D100A2544C /* Icon.png in Resources */,
				646B5EAC154755D600A2544C /* Icon@2x.png in Resources */,
				64D4811F1547577800BC1085 /* RPViewController~iphone.xib in Resources */,
				64D4812315475C5300BC1085 /* RPForumView~iphone.xib in Resources */,
				64D481261547607D00BC1085 /* SmallLogo_rphd.png in Resources */,
				64D481271547607D00BC1085 /* SmallLogo_rphd@2x.png in Resources */,
				64D48129154762E100BC1085 /* AboutBox~iphone.xib in Resources */,
				64D4812B1547678E00BC1085 /* Localizable.strings in Resources */,
				64047A571548B65B00DF6B8F /* Default.png in Resources */,
				64047A581548B65B00DF6B8F /* Default@2x.png in Resources */,
				64AD767D1548B9A7001910E9 /* Default-Portrait.png in Resources */,
				64AD767E1548B9A7001910E9 /* Default-Portrait@2x.png in Resources */,
				646ACA8915B46D6A001B5B73 /* RPLoginController~ipad.xib in Resources */,
				646ACA8B15B47699001B5B73 /* RPLoginController~iphone.xib in Resources */,
				64D60D9D15B6BADA0099A168 /* button-psd.png in Resources */,
				64D60D9E15B6BADA0099A168 /* button-psd@2x.png in Resources */,
				64606A9F15B85E5C00CA0FC6 /* button-psd-active.png in Resources */,
				64606AA015B85E5C00CA0FC6 /* button-psd-active@2x.png in Resources */,
				6456AE8315B8C94D0060EC8E /* button-left.png in Resources */,
				6456AE8415B8C94D0060EC8E /* button-left@2x.png in Resources */,
				64983AC715C8A7E300C626A9 /* Icon-72@2x.png in Resources */,
				64A0DD0015F503810088F8D3 /* SongsViewController.xib in Resources */,
				64208F6B15F6AA3900205CB9 /* button-addsong.png in Resources */,
				64208F6C15F6AA3900205CB9 /* button-addsong@2x.png in Resources */,
				64208F6D15F6AA3900205CB9 /* button-songlist.png in Resources */,
				64208F6E15F6AA3900205CB9 /* button-songlist@2x.png in Resources */,
				64701A2415F6B31900282502 /* SongsViewController~ipad.xib in Resources */,
				640C3F871601D20300631AAD /* Default-568h@2x.png in Resources */,
			);
			runOnlyForDeploymentPostprocessing = 0;
		};
/* End PBXResourcesBuildPhase section */

/* Begin PBXSourcesBuildPhase section */
		64F802281512272E0080D442 /* Sources */ = {
			isa = PBXSourcesBuildPhase;
			buildActionMask = 2147483647;
			files = (
				64F8023D1512272E0080D442 /* main.m in Sources */,
				64F802411512272E0080D442 /* RPAppDelegate.m in Sources */,
				64AAFA06151391210061DD49 /* RPViewController.m in Sources */,
				64AAFA09151393260061DD49 /* RPAboutBox.m in Sources */,
				64AAFA0D1513A7000061DD49 /* RPForumView.m in Sources */,
				641709621515521C00F53185 /* RPTVViewController.m in Sources */,
				64D48132154767F300BC1085 /* Appirater.m in Sources */,
				646ACA7515B46901001B5B73 /* STKeychain.m in Sources */,
				646ACA8815B46D6A001B5B73 /* RPLoginController.m in Sources */,
				64F5AF7415EE5EAE0018B38A /* CoreDataController.m in Sources */,
				64F5AF7515EE5EAE0018B38A /* NSString+UUID.m in Sources */,
				64F5AF7615EE5EAE0018B38A /* SDCloudUserDefaults.m in Sources */,
				64A0DCC815EF667D0088F8D3 /* rphd.xcdatamodeld in Sources */,
				64A0DCFF15F503810088F8D3 /* SongsViewController.m in Sources */,
				64563B5815F65EF300664C74 /* SongAdder.m in Sources */,
				64DFC65315F7469C00214188 /* Song.m in Sources */,
				64DFC65C15F74F9800214188 /* UIImage+RoundedCorner.m in Sources */,
				640C3F9116020CF600631AAD /* LocalyticsDatabase.m in Sources */,
				640C3F9216020CF600631AAD /* LocalyticsSession.m in Sources */,
				640C3F9316020CF600631AAD /* LocalyticsUploader.m in Sources */,
			);
			runOnlyForDeploymentPostprocessing = 0;
		};
/* End PBXSourcesBuildPhase section */

/* Begin PBXVariantGroup section */
		64D481211547577800BC1085 /* RPViewController~iphone.xib */ = {
			isa = PBXVariantGroup;
			children = (
				64D481201547577800BC1085 /* en */,
			);
			name = "RPViewController~iphone.xib";
			sourceTree = "<group>";
		};
		64F802391512272E0080D442 /* InfoPlist.strings */ = {
			isa = PBXVariantGroup;
			children = (
				64F8023A1512272E0080D442 /* en */,
			);
			name = InfoPlist.strings;
			sourceTree = "<group>";
		};
		64F802451512272E0080D442 /* RPViewController~ipad.xib */ = {
			isa = PBXVariantGroup;
			children = (
				64F802461512272E0080D442 /* en */,
			);
			name = "RPViewController~ipad.xib";
			sourceTree = "<group>";
		};
/* End PBXVariantGroup section */

/* Begin XCBuildConfiguration section */
		64F802481512272E0080D442 /* Debug */ = {
			isa = XCBuildConfiguration;
			buildSettings = {
				ALWAYS_SEARCH_USER_PATHS = NO;
				ARCHS = "$(ARCHS_STANDARD_32_BIT)";
				CLANG_ENABLE_OBJC_ARC = YES;
				"CODE_SIGN_IDENTITY[sdk=iphoneos*]" = "iPhone Developer";
				COPY_PHASE_STRIP = NO;
				GCC_C_LANGUAGE_STANDARD = gnu99;
				GCC_DYNAMIC_NO_PIC = NO;
				GCC_OPTIMIZATION_LEVEL = 0;
				GCC_PREPROCESSOR_DEFINITIONS = (
					"DEBUG=1",
					"$(inherited)",
				);
				GCC_SYMBOLS_PRIVATE_EXTERN = NO;
				GCC_VERSION = com.apple.compilers.llvm.clang.1_0;
				GCC_WARN_ABOUT_RETURN_TYPE = YES;
				GCC_WARN_UNINITIALIZED_AUTOS = YES;
				GCC_WARN_UNUSED_VARIABLE = YES;
				IPHONEOS_DEPLOYMENT_TARGET = 5.0;
				SDKROOT = iphoneos;
				TARGETED_DEVICE_FAMILY = 2;
			};
			name = Debug;
		};
		64F802491512272E0080D442 /* Release */ = {
			isa = XCBuildConfiguration;
			buildSettings = {
				ALWAYS_SEARCH_USER_PATHS = NO;
				ARCHS = "$(ARCHS_STANDARD_32_BIT)";
				CLANG_ENABLE_OBJC_ARC = YES;
				"CODE_SIGN_IDENTITY[sdk=iphoneos*]" = "iPhone Developer";
				COPY_PHASE_STRIP = YES;
				GCC_C_LANGUAGE_STANDARD = gnu99;
				GCC_VERSION = com.apple.compilers.llvm.clang.1_0;
				GCC_WARN_ABOUT_RETURN_TYPE = YES;
				GCC_WARN_UNINITIALIZED_AUTOS = YES;
				GCC_WARN_UNUSED_VARIABLE = YES;
				IPHONEOS_DEPLOYMENT_TARGET = 5.0;
				OTHER_CFLAGS = "-DNS_BLOCK_ASSERTIONS=1";
				SDKROOT = iphoneos;
				TARGETED_DEVICE_FAMILY = 2;
				VALIDATE_PRODUCT = YES;
			};
			name = Release;
		};
		64F8024B1512272E0080D442 /* Debug */ = {
			isa = XCBuildConfiguration;
			buildSettings = {
				CODE_SIGN_ENTITLEMENTS = "RP HD/RP HD.entitlements";
				"CODE_SIGN_IDENTITY[sdk=iphoneos*]" = "iPhone Developer: Giacomo Tufano (68RHGP4K2S)";
				GCC_PRECOMPILE_PREFIX_HEADER = YES;
				GCC_PREFIX_HEADER = "RP HD/RP HD-Prefix.pch";
				INFOPLIST_FILE = "RP HD/RP HD-Info.plist";
				IPHONEOS_DEPLOYMENT_TARGET = 5.0;
				LIBRARY_SEARCH_PATHS = (
					"$(inherited)",
					"\"$(SRCROOT)/RP HD/FlurryAnalytics\"",
				);
				PRODUCT_NAME = "$(TARGET_NAME)";
				"PROVISIONING_PROFILE[sdk=iphoneos*]" = "8BF757E7-3803-46F1-9293-5AA8CEF4D404";
				TARGETED_DEVICE_FAMILY = "1,2";
				WRAPPER_EXTENSION = app;
			};
			name = Debug;
		};
		64F8024C1512272E0080D442 /* Release */ = {
			isa = XCBuildConfiguration;
			buildSettings = {
				CODE_SIGN_ENTITLEMENTS = "RP HD/RP HD.entitlements";
				"CODE_SIGN_IDENTITY[sdk=iphoneos*]" = "iPhone Distribution: Giacomo Tufano";
				GCC_PRECOMPILE_PREFIX_HEADER = YES;
				GCC_PREFIX_HEADER = "RP HD/RP HD-Prefix.pch";
				INFOPLIST_FILE = "RP HD/RP HD-Info.plist";
				IPHONEOS_DEPLOYMENT_TARGET = 5.0;
				LIBRARY_SEARCH_PATHS = (
					"$(inherited)",
					"\"$(SRCROOT)/RP HD/FlurryAnalytics\"",
				);
				PRODUCT_NAME = "$(TARGET_NAME)";
				"PROVISIONING_PROFILE[sdk=iphoneos*]" = "6E999D6F-17FA-4C17-9422-7764E7BFB7ED";
				TARGETED_DEVICE_FAMILY = "1,2";
				WRAPPER_EXTENSION = app;
			};
			name = Release;
		};
/* End XCBuildConfiguration section */

/* Begin XCConfigurationList section */
		64F802261512272D0080D442 /* Build configuration list for PBXProject "RP HD" */ = {
			isa = XCConfigurationList;
			buildConfigurations = (
				64F802481512272E0080D442 /* Debug */,
				64F802491512272E0080D442 /* Release */,
			);
			defaultConfigurationIsVisible = 0;
			defaultConfigurationName = Release;
		};
		64F8024A1512272E0080D442 /* Build configuration list for PBXNativeTarget "RP HD" */ = {
			isa = XCConfigurationList;
			buildConfigurations = (
				64F8024B1512272E0080D442 /* Debug */,
				64F8024C1512272E0080D442 /* Release */,
			);
			defaultConfigurationIsVisible = 0;
			defaultConfigurationName = Release;
		};
/* End XCConfigurationList section */

/* Begin XCVersionGroup section */
		64A0DCC615EF667D0088F8D3 /* rphd.xcdatamodeld */ = {
			isa = XCVersionGroup;
			children = (
				64A0DCC715EF667D0088F8D3 /* rphd.xcdatamodel */,
			);
			currentVersion = 64A0DCC715EF667D0088F8D3 /* rphd.xcdatamodel */;
			path = rphd.xcdatamodeld;
			sourceTree = "<group>";
			versionGroupType = wrapper.xcdatamodel;
		};
/* End XCVersionGroup section */
	};
	rootObject = 64F802231512272D0080D442 /* Project object */;
}
